
Microsoft Visual Studio Solution File, Format Version 12.00
# Visual Studio Version 17
VisualStudioVersion = 17.5.002.0
MinimumVisualStudioVersion = 10.0.40219.1
Project("{9A19103F-16F7-4668-BE54-9A1E7A4F7556}") = "jmH60A01", "jmH60A01.csproj", "{596BEA0B-A370-4CAB-8FD2-570F15262D5F}"
EndProject
Global
	GlobalSection(SolutionConfigurationPlatforms) = preSolution
		Debug|Any CPU = Debug|Any CPU
		Release|Any CPU = Release|Any CPU
	EndGlobalSection
	GlobalSection(ProjectConfigurationPlatforms) = postSolution
		{596BEA0B-A370-4CAB-8FD2-570F15262D5F}.Debug|Any CPU.ActiveCfg = Debug|Any CPU
		{596BEA0B-A370-4CAB-8FD2-570F15262D5F}.Debug|Any CPU.Build.0 = Debug|Any CPU
		{596BEA0B-A370-4CAB-8FD2-570F15262D5F}.Release|Any CPU.ActiveCfg = Release|Any CPU
		{596BEA0B-A370-4CAB-8FD2-570F15262D5F}.Release|Any CPU.Build.0 = Release|Any CPU
	EndGlobalSection
	GlobalSection(SolutionProperties) = preSolution
		HideSolutionNode = FALSE
	EndGlobalSection
	GlobalSection(ExtensibilityGlobals) = postSolution
		SolutionGuid = {B3390369-3B40-416A-9EFC-CEB9C1C5887A}
	EndGlobalSection
EndGlobal
